
Microsoft Visual Studio Solution File, Format Version 12.00
# Visual Studio Version 16
VisualStudioVersion = 16.0.30320.27
MinimumVisualStudioVersion = 10.0.40219.1
Project("{FAE04EC0-301F-11D3-BF4B-00C04F79EFBC}") = "webcam", "webcam\webcam.csproj", "{D394ADEB-CBF6-4483-A2D0-795F57BEA2D1}"
EndProject
Global
	GlobalSection(SolutionConfigurationPlatforms) = preSolution
		Debug|Any CPU = Debug|Any CPU
		Release|Any CPU = Release|Any CPU
	EndGlobalSection
	GlobalSection(ProjectConfigurationPlatforms) = postSolution
		{D394ADEB-CBF6-4483-A2D0-795F57BEA2D1}.Debug|Any CPU.ActiveCfg = Debug|Any CPU
		{D394ADEB-CBF6-4483-A2D0-795F57BEA2D1}.Debug|Any CPU.Build.0 = Debug|Any CPU
		{D394ADEB-CBF6-4483-A2D0-795F57BEA2D1}.Release|Any CPU.ActiveCfg = Release|Any CPU
		{D394ADEB-CBF6-4483-A2D0-795F57BEA2D1}.Release|Any CPU.Build.0 = Release|Any CPU
	EndGlobalSection
	GlobalSection(SolutionProperties) = preSolution
		HideSolutionNode = FALSE
	EndGlobalSection
	GlobalSection(ExtensibilityGlobals) = postSolution
		SolutionGuid = {342AAB87-8FCE-4C4C-910D-F50101B9B52E}
	EndGlobalSection
EndGlobal
